// !$*UTF8*$!
{
	archiveVersion = 1;
	classes = {
	};
	objectVersion = 46;
	objects = {

/* Begin PBXBuildFile section */
		3A6893441B2E0EAB00DE8540 /* GameViewController.swift in Sources */ = {isa = PBXBuildFile; fileRef = 3A6893431B2E0EAB00DE8540 /* GameViewController.swift */; };
		3A75F5061B22EB5500F31885 /* Block.swift in Sources */ = {isa = PBXBuildFile; fileRef = 3A75F5051B22EB5500F31885 /* Block.swift */; };
		F60960541B2323D6003896B6 /* Images.xcassets in Resources */ = {isa = PBXBuildFile; fileRef = F60960531B2323D6003896B6 /* Images.xcassets */; };
		F610F3D81AF6A23500FA8F88 /* TexturedHouse.swift in Sources */ = {isa = PBXBuildFile; fileRef = F610F3D71AF6A23500FA8F88 /* TexturedHouse.swift */; };
		F615013E1B2DDA010063E6E8 /* Teleport.swift in Sources */ = {isa = PBXBuildFile; fileRef = F615013D1B2DDA010063E6E8 /* Teleport.swift */; };
		F61501401B2DF63B0063E6E8 /* elementary.mp3 in Resources */ = {isa = PBXBuildFile; fileRef = F615013F1B2DF63B0063E6E8 /* elementary.mp3 */; };
		F61501421B2DF6560063E6E8 /* Music.swift in Sources */ = {isa = PBXBuildFile; fileRef = F61501411B2DF6560063E6E8 /* Music.swift */; };
		F61A4F351B25215F0087DEDA /* Tree.swift in Sources */ = {isa = PBXBuildFile; fileRef = F61A4F341B25215F0087DEDA /* Tree.swift */; };
		F62424401AF518D100E96099 /* AppDelegate.swift in Sources */ = {isa = PBXBuildFile; fileRef = F624243F1AF518D100E96099 /* AppDelegate.swift */; };
		F624244C1AF518D200E96099 /* LaunchScreen.xib in Resources */ = {isa = PBXBuildFile; fileRef = F624244A1AF518D200E96099 /* LaunchScreen.xib */; };
		F62424581AF518D200E96099 /* ElementaryTests.swift in Sources */ = {isa = PBXBuildFile; fileRef = F62424571AF518D200E96099 /* ElementaryTests.swift */; };
		F62424661AF51CA800E96099 /* Main.storyboard in Resources */ = {isa = PBXBuildFile; fileRef = F62424651AF51CA800E96099 /* Main.storyboard */; };
		F62424681AF526EC00E96099 /* House.swift in Sources */ = {isa = PBXBuildFile; fileRef = F62424671AF526EC00E96099 /* House.swift */; };
		F628A3151B076C3500BB6182 /* World.swift in Sources */ = {isa = PBXBuildFile; fileRef = F628A3141B076C3500BB6182 /* World.swift */; };
		F64B5BFD1B1315A7003B7C8D /* CreateZoneViewController.swift in Sources */ = {isa = PBXBuildFile; fileRef = F64B5BFC1B1315A7003B7C8D /* CreateZoneViewController.swift */; };
		F64B5BFF1B1316D4003B7C8D /* Utils.swift in Sources */ = {isa = PBXBuildFile; fileRef = F64B5BFE1B1316D4003B7C8D /* Utils.swift */; };
		F64B5C011B1318FE003B7C8D /* Zone.swift in Sources */ = {isa = PBXBuildFile; fileRef = F64B5C001B1318FE003B7C8D /* Zone.swift */; };
		F64B5C051B137B08003B7C8D /* LoadAndSave.swift in Sources */ = {isa = PBXBuildFile; fileRef = F64B5C041B137B08003B7C8D /* LoadAndSave.swift */; };
		F64BD4581B0673F300131436 /* WorldViewController.swift in Sources */ = {isa = PBXBuildFile; fileRef = F64BD4571B0673F300131436 /* WorldViewController.swift */; };
		F64BD45A1B0678E900131436 /* ColorViewController.swift in Sources */ = {isa = PBXBuildFile; fileRef = F64BD4591B0678E900131436 /* ColorViewController.swift */; };
		F64BD45C1B0678EE00131436 /* ShapeViewController.swift in Sources */ = {isa = PBXBuildFile; fileRef = F64BD45B1B0678EE00131436 /* ShapeViewController.swift */; };
		F6CC6BB41B07A35C00EFF855 /* SettingsViewController.swift in Sources */ = {isa = PBXBuildFile; fileRef = F6CC6BB31B07A35C00EFF855 /* SettingsViewController.swift */; };
		F6CC6BB61B07A78700EFF855 /* HelpViewController.swift in Sources */ = {isa = PBXBuildFile; fileRef = F6CC6BB51B07A78700EFF855 /* HelpViewController.swift */; };
/* End PBXBuildFile section */

/* Begin PBXContainerItemProxy section */
		F62424521AF518D200E96099 /* PBXContainerItemProxy */ = {
			isa = PBXContainerItemProxy;
			containerPortal = F62424321AF518D100E96099 /* Project object */;
			proxyType = 1;
			remoteGlobalIDString = F62424391AF518D100E96099;
			remoteInfo = Elementary;
		};
/* End PBXContainerItemProxy section */

/* Begin PBXFileReference section */
		3A6893431B2E0EAB00DE8540 /* GameViewController.swift */ = {isa = PBXFileReference; fileEncoding = 4; lastKnownFileType = sourcecode.swift; path = GameViewController.swift; sourceTree = "<group>"; };
		3A75F5051B22EB5500F31885 /* Block.swift */ = {isa = PBXFileReference; fileEncoding = 4; lastKnownFileType = sourcecode.swift; path = Block.swift; sourceTree = "<group>"; };
		F60960531B2323D6003896B6 /* Images.xcassets */ = {isa = PBXFileReference; lastKnownFileType = folder.assetcatalog; path = Images.xcassets; sourceTree = "<group>"; };
		F610F3D71AF6A23500FA8F88 /* TexturedHouse.swift */ = {isa = PBXFileReference; fileEncoding = 4; lastKnownFileType = sourcecode.swift; path = TexturedHouse.swift; sourceTree = "<group>"; };
		F615013D1B2DDA010063E6E8 /* Teleport.swift */ = {isa = PBXFileReference; fileEncoding = 4; lastKnownFileType = sourcecode.swift; path = Teleport.swift; sourceTree = "<group>"; };
		F615013F1B2DF63B0063E6E8 /* elementary.mp3 */ = {isa = PBXFileReference; lastKnownFileType = audio.mp3; path = elementary.mp3; sourceTree = "<group>"; };
		F61501411B2DF6560063E6E8 /* Music.swift */ = {isa = PBXFileReference; fileEncoding = 4; lastKnownFileType = sourcecode.swift; path = Music.swift; sourceTree = "<group>"; };
		F61A4F341B25215F0087DEDA /* Tree.swift */ = {isa = PBXFileReference; fileEncoding = 4; lastKnownFileType = sourcecode.swift; path = Tree.swift; sourceTree = "<group>"; };
		F624243A1AF518D100E96099 /* Elementary.app */ = {isa = PBXFileReference; explicitFileType = wrapper.application; includeInIndex = 0; path = Elementary.app; sourceTree = BUILT_PRODUCTS_DIR; };
		F624243E1AF518D100E96099 /* Info.plist */ = {isa = PBXFileReference; lastKnownFileType = text.plist.xml; path = Info.plist; sourceTree = "<group>"; };
		F624243F1AF518D100E96099 /* AppDelegate.swift */ = {isa = PBXFileReference; lastKnownFileType = sourcecode.swift; path = AppDelegate.swift; sourceTree = "<group>"; };
		F624244B1AF518D200E96099 /* Base */ = {isa = PBXFileReference; lastKnownFileType = file.xib; name = Base; path = Base.lproj/LaunchScreen.xib; sourceTree = "<group>"; };
		F62424511AF518D200E96099 /* ElementaryTests.xctest */ = {isa = PBXFileReference; explicitFileType = wrapper.cfbundle; includeInIndex = 0; path = ElementaryTests.xctest; sourceTree = BUILT_PRODUCTS_DIR; };
		F62424561AF518D200E96099 /* Info.plist */ = {isa = PBXFileReference; lastKnownFileType = text.plist.xml; path = Info.plist; sourceTree = "<group>"; };
		F62424571AF518D200E96099 /* ElementaryTests.swift */ = {isa = PBXFileReference; lastKnownFileType = sourcecode.swift; path = ElementaryTests.swift; sourceTree = "<group>"; };
		F62424651AF51CA800E96099 /* Main.storyboard */ = {isa = PBXFileReference; fileEncoding = 4; lastKnownFileType = file.storyboard; path = Main.storyboard; sourceTree = "<group>"; };
		F62424671AF526EC00E96099 /* House.swift */ = {isa = PBXFileReference; fileEncoding = 4; lastKnownFileType = sourcecode.swift; path = House.swift; sourceTree = "<group>"; };
		F628A3141B076C3500BB6182 /* World.swift */ = {isa = PBXFileReference; fileEncoding = 4; lastKnownFileType = sourcecode.swift; path = World.swift; sourceTree = "<group>"; };
		F64B5BFC1B1315A7003B7C8D /* CreateZoneViewController.swift */ = {isa = PBXFileReference; fileEncoding = 4; lastKnownFileType = sourcecode.swift; path = CreateZoneViewController.swift; sourceTree = "<group>"; };
		F64B5BFE1B1316D4003B7C8D /* Utils.swift */ = {isa = PBXFileReference; fileEncoding = 4; lastKnownFileType = sourcecode.swift; path = Utils.swift; sourceTree = "<group>"; };
		F64B5C001B1318FE003B7C8D /* Zone.swift */ = {isa = PBXFileReference; fileEncoding = 4; lastKnownFileType = sourcecode.swift; path = Zone.swift; sourceTree = "<group>"; };
		F64B5C041B137B08003B7C8D /* LoadAndSave.swift */ = {isa = PBXFileReference; fileEncoding = 4; lastKnownFileType = sourcecode.swift; path = LoadAndSave.swift; sourceTree = "<group>"; };
		F64BD4571B0673F300131436 /* WorldViewController.swift */ = {isa = PBXFileReference; fileEncoding = 4; lastKnownFileType = sourcecode.swift; path = WorldViewController.swift; sourceTree = "<group>"; };
		F64BD4591B0678E900131436 /* ColorViewController.swift */ = {isa = PBXFileReference; fileEncoding = 4; lastKnownFileType = sourcecode.swift; path = ColorViewController.swift; sourceTree = "<group>"; };
		F64BD45B1B0678EE00131436 /* ShapeViewController.swift */ = {isa = PBXFileReference; fileEncoding = 4; lastKnownFileType = sourcecode.swift; path = ShapeViewController.swift; sourceTree = "<group>"; };
		F6CC6BB31B07A35C00EFF855 /* SettingsViewController.swift */ = {isa = PBXFileReference; fileEncoding = 4; lastKnownFileType = sourcecode.swift; path = SettingsViewController.swift; sourceTree = "<group>"; };
		F6CC6BB51B07A78700EFF855 /* HelpViewController.swift */ = {isa = PBXFileReference; fileEncoding = 4; lastKnownFileType = sourcecode.swift; path = HelpViewController.swift; sourceTree = "<group>"; };
/* End PBXFileReference section */

/* Begin PBXFrameworksBuildPhase section */
		F62424371AF518D100E96099 /* Frameworks */ = {
			isa = PBXFrameworksBuildPhase;
			buildActionMask = 2147483647;
			files = (
			);
			runOnlyForDeploymentPostprocessing = 0;
		};
		F624244E1AF518D200E96099 /* Frameworks */ = {
			isa = PBXFrameworksBuildPhase;
			buildActionMask = 2147483647;
			files = (
			);
			runOnlyForDeploymentPostprocessing = 0;
		};
/* End PBXFrameworksBuildPhase section */

/* Begin PBXGroup section */
		F61A4F361B2522810087DEDA /* Factory Builders */ = {
			isa = PBXGroup;
			children = (
				F62424671AF526EC00E96099 /* House.swift */,
				F61A4F341B25215F0087DEDA /* Tree.swift */,
				F610F3D71AF6A23500FA8F88 /* TexturedHouse.swift */,
			);
			name = "Factory Builders";
			sourceTree = "<group>";
		};
		F62424311AF518D100E96099 = {
			isa = PBXGroup;
			children = (
				F624243C1AF518D100E96099 /* Elementary */,
				F62424541AF518D200E96099 /* ElementaryTests */,
				F624243B1AF518D100E96099 /* Products */,
			);
			sourceTree = "<group>";
		};
		F624243B1AF518D100E96099 /* Products */ = {
			isa = PBXGroup;
			children = (
				F624243A1AF518D100E96099 /* Elementary.app */,
				F62424511AF518D200E96099 /* ElementaryTests.xctest */,
			);
			name = Products;
			sourceTree = "<group>";
		};
		F624243C1AF518D100E96099 /* Elementary */ = {
			isa = PBXGroup;
			children = (
				F60960531B2323D6003896B6 /* Images.xcassets */,
				F615013F1B2DF63B0063E6E8 /* elementary.mp3 */,
				F64BD45D1B0678FC00131436 /* ViewControllers */,
				F64BD45E1B06790800131436 /* Models */,
				F624244A1AF518D200E96099 /* LaunchScreen.xib */,
				F624243D1AF518D100E96099 /* Supporting Files */,
			);
			path = Elementary;
			sourceTree = "<group>";
		};
		F624243D1AF518D100E96099 /* Supporting Files */ = {
			isa = PBXGroup;
			children = (
				F624243E1AF518D100E96099 /* Info.plist */,
			);
			name = "Supporting Files";
			sourceTree = "<group>";
		};
		F62424541AF518D200E96099 /* ElementaryTests */ = {
			isa = PBXGroup;
			children = (
				F62424571AF518D200E96099 /* ElementaryTests.swift */,
				F62424551AF518D200E96099 /* Supporting Files */,
			);
			path = ElementaryTests;
			sourceTree = "<group>";
		};
		F62424551AF518D200E96099 /* Supporting Files */ = {
			isa = PBXGroup;
			children = (
				F62424561AF518D200E96099 /* Info.plist */,
			);
			name = "Supporting Files";
			sourceTree = "<group>";
		};
		F64BD45D1B0678FC00131436 /* ViewControllers */ = {
			isa = PBXGroup;
			children = (
				F624243F1AF518D100E96099 /* AppDelegate.swift */,
				F64BD4591B0678E900131436 /* ColorViewController.swift */,
				F64BD45B1B0678EE00131436 /* ShapeViewController.swift */,
				F6CC6BB31B07A35C00EFF855 /* SettingsViewController.swift */,
				F6CC6BB51B07A78700EFF855 /* HelpViewController.swift */,
				F64BD4571B0673F300131436 /* WorldViewController.swift */,
				3A6893431B2E0EAB00DE8540 /* GameViewController.swift */,
				F64B5BFC1B1315A7003B7C8D /* CreateZoneViewController.swift */,
				F62424651AF51CA800E96099 /* Main.storyboard */,
			);
			name = ViewControllers;
			sourceTree = "<group>";
		};
		F64BD45E1B06790800131436 /* Models */ = {
			isa = PBXGroup;
			children = (
				F61501411B2DF6560063E6E8 /* Music.swift */,
				F615013D1B2DDA010063E6E8 /* Teleport.swift */,
				F628A3141B076C3500BB6182 /* World.swift */,
				F64B5C001B1318FE003B7C8D /* Zone.swift */,
				3A75F5051B22EB5500F31885 /* Block.swift */,
				F64B5C041B137B08003B7C8D /* LoadAndSave.swift */,
				F64B5BFE1B1316D4003B7C8D /* Utils.swift */,
				F61A4F361B2522810087DEDA /* Factory Builders */,
			);
			name = Models;
			sourceTree = "<group>";
		};
/* End PBXGroup section */

/* Begin PBXNativeTarget section */
		F62424391AF518D100E96099 /* Elementary */ = {
			isa = PBXNativeTarget;
			buildConfigurationList = F624245B1AF518D200E96099 /* Build configuration list for PBXNativeTarget "Elementary" */;
			buildPhases = (
				F62424361AF518D100E96099 /* Sources */,
				F62424371AF518D100E96099 /* Frameworks */,
				F62424381AF518D100E96099 /* Resources */,
			);
			buildRules = (
			);
			dependencies = (
			);
			name = Elementary;
			productName = Elementary;
			productReference = F624243A1AF518D100E96099 /* Elementary.app */;
			productType = "com.apple.product-type.application";
		};
		F62424501AF518D200E96099 /* ElementaryTests */ = {
			isa = PBXNativeTarget;
			buildConfigurationList = F624245E1AF518D200E96099 /* Build configuration list for PBXNativeTarget "ElementaryTests" */;
			buildPhases = (
				F624244D1AF518D200E96099 /* Sources */,
				F624244E1AF518D200E96099 /* Frameworks */,
				F624244F1AF518D200E96099 /* Resources */,
			);
			buildRules = (
			);
			dependencies = (
				F62424531AF518D200E96099 /* PBXTargetDependency */,
			);
			name = ElementaryTests;
			productName = ElementaryTests;
			productReference = F62424511AF518D200E96099 /* ElementaryTests.xctest */;
			productType = "com.apple.product-type.bundle.unit-test";
		};
/* End PBXNativeTarget section */

/* Begin PBXProject section */
		F62424321AF518D100E96099 /* Project object */ = {
			isa = PBXProject;
			attributes = {
				LastSwiftUpdateCheck = 0700;
				LastUpgradeCheck = 0710;
				ORGANIZATIONNAME = Supinfo;
				TargetAttributes = {
					F62424391AF518D100E96099 = {
						CreatedOnToolsVersion = 6.3.1;
						DevelopmentTeam = 3WAQF3AS82;
					};
					F62424501AF518D200E96099 = {
						CreatedOnToolsVersion = 6.3.1;
						TestTargetID = F62424391AF518D100E96099;
					};
				};
			};
			buildConfigurationList = F62424351AF518D100E96099 /* Build configuration list for PBXProject "Elementary" */;
			compatibilityVersion = "Xcode 3.2";
			developmentRegion = English;
			hasScannedForEncodings = 0;
			knownRegions = (
				en,
				Base,
			);
			mainGroup = F62424311AF518D100E96099;
			productRefGroup = F624243B1AF518D100E96099 /* Products */;
			projectDirPath = "";
			projectRoot = "";
			targets = (
				F62424391AF518D100E96099 /* Elementary */,
				F62424501AF518D200E96099 /* ElementaryTests */,
			);
		};
/* End PBXProject section */

/* Begin PBXResourcesBuildPhase section */
		F62424381AF518D100E96099 /* Resources */ = {
			isa = PBXResourcesBuildPhase;
			buildActionMask = 2147483647;
			files = (
				F60960541B2323D6003896B6 /* Images.xcassets in Resources */,
				F62424661AF51CA800E96099 /* Main.storyboard in Resources */,
				F61501401B2DF63B0063E6E8 /* elementary.mp3 in Resources */,
				F624244C1AF518D200E96099 /* LaunchScreen.xib in Resources */,
			);
			runOnlyForDeploymentPostprocessing = 0;
		};
		F624244F1AF518D200E96099 /* Resources */ = {
			isa = PBXResourcesBuildPhase;
			buildActionMask = 2147483647;
			files = (
			);
			runOnlyForDeploymentPostprocessing = 0;
		};
/* End PBXResourcesBuildPhase section */

/* Begin PBXSourcesBuildPhase section */
		F62424361AF518D100E96099 /* Sources */ = {
			isa = PBXSourcesBuildPhase;
			buildActionMask = 2147483647;
			files = (
				F64B5C051B137B08003B7C8D /* LoadAndSave.swift in Sources */,
				F62424401AF518D100E96099 /* AppDelegate.swift in Sources */,
				F62424681AF526EC00E96099 /* House.swift in Sources */,
				F64BD4581B0673F300131436 /* WorldViewController.swift in Sources */,
				F61501421B2DF6560063E6E8 /* Music.swift in Sources */,
				F61A4F351B25215F0087DEDA /* Tree.swift in Sources */,
				F64BD45C1B0678EE00131436 /* ShapeViewController.swift in Sources */,
				F64B5BFD1B1315A7003B7C8D /* CreateZoneViewController.swift in Sources */,
				F64BD45A1B0678E900131436 /* ColorViewController.swift in Sources */,
				F628A3151B076C3500BB6182 /* World.swift in Sources */,
				F610F3D81AF6A23500FA8F88 /* TexturedHouse.swift in Sources */,
				F6CC6BB41B07A35C00EFF855 /* SettingsViewController.swift in Sources */,
				F6CC6BB61B07A78700EFF855 /* HelpViewController.swift in Sources */,
				3A6893441B2E0EAB00DE8540 /* GameViewController.swift in Sources */,
				3A75F5061B22EB5500F31885 /* Block.swift in Sources */,
				F615013E1B2DDA010063E6E8 /* Teleport.swift in Sources */,
				F64B5BFF1B1316D4003B7C8D /* Utils.swift in Sources */,
				F64B5C011B1318FE003B7C8D /* Zone.swift in Sources */,
			);
			runOnlyForDeploymentPostprocessing = 0;
		};
		F624244D1AF518D200E96099 /* Sources */ = {
			isa = PBXSourcesBuildPhase;
			buildActionMask = 2147483647;
			files = (
				F62424581AF518D200E96099 /* ElementaryTests.swift in Sources */,
			);
			runOnlyForDeploymentPostprocessing = 0;
		};
/* End PBXSourcesBuildPhase section */

/* Begin PBXTargetDependency section */
		F62424531AF518D200E96099 /* PBXTargetDependency */ = {
			isa = PBXTargetDependency;
			target = F62424391AF518D100E96099 /* Elementary */;
			targetProxy = F62424521AF518D200E96099 /* PBXContainerItemProxy */;
		};
/* End PBXTargetDependency section */

/* Begin PBXVariantGroup section */
		F624244A1AF518D200E96099 /* LaunchScreen.xib */ = {
			isa = PBXVariantGroup;
			children = (
				F624244B1AF518D200E96099 /* Base */,
			);
			name = LaunchScreen.xib;
			sourceTree = "<group>";
		};
/* End PBXVariantGroup section */

/* Begin XCBuildConfiguration section */
		F62424591AF518D200E96099 /* Debug */ = {
			isa = XCBuildConfiguration;
			buildSettings = {
				ALWAYS_SEARCH_USER_PATHS = NO;
				CLANG_CXX_LANGUAGE_STANDARD = "gnu++0x";
				CLANG_CXX_LIBRARY = "libc++";
				CLANG_ENABLE_MODULES = YES;
				CLANG_ENABLE_OBJC_ARC = YES;
				CLANG_WARN_BOOL_CONVERSION = YES;
				CLANG_WARN_CONSTANT_CONVERSION = YES;
				CLANG_WARN_DIRECT_OBJC_ISA_USAGE = YES_ERROR;
				CLANG_WARN_EMPTY_BODY = YES;
				CLANG_WARN_ENUM_CONVERSION = YES;
				CLANG_WARN_INT_CONVERSION = YES;
				CLANG_WARN_OBJC_ROOT_CLASS = YES_ERROR;
				CLANG_WARN_UNREACHABLE_CODE = YES;
				CLANG_WARN__DUPLICATE_METHOD_MATCH = YES;
				"CODE_SIGN_IDENTITY[sdk=iphoneos*]" = "iPhone Developer";
				COPY_PHASE_STRIP = NO;
				DEBUG_INFORMATION_FORMAT = "dwarf-with-dsym";
				ENABLE_STRICT_OBJC_MSGSEND = YES;
				ENABLE_TESTABILITY = YES;
				GCC_C_LANGUAGE_STANDARD = gnu99;
				GCC_DYNAMIC_NO_PIC = NO;
				GCC_NO_COMMON_BLOCKS = YES;
				GCC_OPTIMIZATION_LEVEL = 0;
				GCC_PREPROCESSOR_DEFINITIONS = (
					"DEBUG=1",
					"$(inherited)",
				);
				GCC_SYMBOLS_PRIVATE_EXTERN = NO;
				GCC_WARN_64_TO_32_BIT_CONVERSION = YES;
				GCC_WARN_ABOUT_RETURN_TYPE = YES_ERROR;
				GCC_WARN_UNDECLARED_SELECTOR = YES;
				GCC_WARN_UNINITIALIZED_AUTOS = YES_AGGRESSIVE;
				GCC_WARN_UNUSED_FUNCTION = YES;
				GCC_WARN_UNUSED_VARIABLE = YES;
				IPHONEOS_DEPLOYMENT_TARGET = 8.3;
				MTL_ENABLE_DEBUG_INFO = YES;
				ONLY_ACTIVE_ARCH = YES;
				SDKROOT = iphoneos;
				SWIFT_OPTIMIZATION_LEVEL = "-Onone";
			};
			name = Debug;
		};
		F624245A1AF518D200E96099 /* Release */ = {
			isa = XCBuildConfiguration;
			buildSettings = {
				ALWAYS_SEARCH_USER_PATHS = NO;
				CLANG_CXX_LANGUAGE_STANDARD = "gnu++0x";
				CLANG_CXX_LIBRARY = "libc++";
				CLANG_ENABLE_MODULES = YES;
				CLANG_ENABLE_OBJC_ARC = YES;
				CLANG_WARN_BOOL_CONVERSION = YES;
				CLANG_WARN_CONSTANT_CONVERSION = YES;
				CLANG_WARN_DIRECT_OBJC_ISA_USAGE = YES_ERROR;
				CLANG_WARN_EMPTY_BODY = YES;
				CLANG_WARN_ENUM_CONVERSION = YES;
				CLANG_WARN_INT_CONVERSION = YES;
				CLANG_WARN_OBJC_ROOT_CLASS = YES_ERROR;
				CLANG_WARN_UNREACHABLE_CODE = YES;
				CLANG_WARN__DUPLICATE_METHOD_MATCH = YES;
				"CODE_SIGN_IDENTITY[sdk=iphoneos*]" = "iPhone Developer";
				COPY_PHASE_STRIP = NO;
				DEBUG_INFORMATION_FORMAT = "dwarf-with-dsym";
				ENABLE_NS_ASSERTIONS = NO;
				ENABLE_STRICT_OBJC_MSGSEND = YES;
				GCC_C_LANGUAGE_STANDARD = gnu99;
				GCC_NO_COMMON_BLOCKS = YES;
				GCC_WARN_64_TO_32_BIT_CONVERSION = YES;
				GCC_WARN_ABOUT_RETURN_TYPE = YES_ERROR;
				GCC_WARN_UNDECLARED_SELECTOR = YES;
				GCC_WARN_UNINITIALIZED_AUTOS = YES_AGGRESSIVE;
				GCC_WARN_UNUSED_FUNCTION = YES;
				GCC_WARN_UNUSED_VARIABLE = YES;
				IPHONEOS_DEPLOYMENT_TARGET = 8.3;
				MTL_ENABLE_DEBUG_INFO = NO;
				SDKROOT = iphoneos;
				VALIDATE_PRODUCT = YES;
			};
			name = Release;
		};
		F624245C1AF518D200E96099 /* Debug */ = {
			isa = XCBuildConfiguration;
			buildSettings = {
				ASSETCATALOG_COMPILER_APPICON_NAME = AppIcon;
				CODE_SIGN_IDENTITY = "iPhone Developer";
				"CODE_SIGN_IDENTITY[sdk=iphoneos*]" = "iPhone Developer";
				INFOPLIST_FILE = Elementary/Info.plist;
				IPHONEOS_DEPLOYMENT_TARGET = 8.3;
				LD_RUNPATH_SEARCH_PATHS = "$(inherited) @executable_path/Frameworks";
				PRODUCT_BUNDLE_IDENTIFIER = "com.Supinfo.$(PRODUCT_NAME:rfc1034identifier)";
				PRODUCT_NAME = "$(TARGET_NAME)";
				PROVISIONING_PROFILE = "";
				TARGETED_DEVICE_FAMILY = "1,2";
			};
			name = Debug;
		};
		F624245D1AF518D200E96099 /* Release */ = {
			isa = XCBuildConfiguration;
			buildSettings = {
				ASSETCATALOG_COMPILER_APPICON_NAME = AppIcon;
				CODE_SIGN_IDENTITY = "iPhone Developer";
				"CODE_SIGN_IDENTITY[sdk=iphoneos*]" = "iPhone Developer";
				INFOPLIST_FILE = Elementary/Info.plist;
				IPHONEOS_DEPLOYMENT_TARGET = 8.3;
				LD_RUNPATH_SEARCH_PATHS = "$(inherited) @executable_path/Frameworks";
				PRODUCT_BUNDLE_IDENTIFIER = "com.Supinfo.$(PRODUCT_NAME:rfc1034identifier)";
				PRODUCT_NAME = "$(TARGET_NAME)";
				PROVISIONING_PROFILE = "";
				TARGETED_DEVICE_FAMILY = "1,2";
			};
			name = Release;
		};
		F624245F1AF518D200E96099 /* Debug */ = {
			isa = XCBuildConfiguration;
			buildSettings = {
				BUNDLE_LOADER = "$(TEST_HOST)";
				FRAMEWORK_SEARCH_PATHS = (
					"$(SDKROOT)/Developer/Library/Frameworks",
					"$(inherited)",
				);
				GCC_PREPROCESSOR_DEFINITIONS = (
					"DEBUG=1",
					"$(inherited)",
				);
				INFOPLIST_FILE = ElementaryTests/Info.plist;
				LD_RUNPATH_SEARCH_PATHS = "$(inherited) @executable_path/Frameworks @loader_path/Frameworks";
				PRODUCT_BUNDLE_IDENTIFIER = "com.Supinfo.$(PRODUCT_NAME:rfc1034identifier)";
				PRODUCT_NAME = "$(TARGET_NAME)";
				TEST_HOST = "$(BUILT_PRODUCTS_DIR)/Elementary.app/Elementary";
			};
			name = Debug;
		};
		F62424601AF518D200E96099 /* Release */ = {
			isa = XCBuildConfiguration;
			buildSettings = {
				BUNDLE_LOADER = "$(TEST_HOST)";
				FRAMEWORK_SEARCH_PATHS = (
					"$(SDKROOT)/Developer/Library/Frameworks",
					"$(inherited)",
				);
				INFOPLIST_FILE = ElementaryTests/Info.plist;
				LD_RUNPATH_SEARCH_PATHS = "$(inherited) @executable_path/Frameworks @loader_path/Frameworks";
				PRODUCT_BUNDLE_IDENTIFIER = "com.Supinfo.$(PRODUCT_NAME:rfc1034identifier)";
				PRODUCT_NAME = "$(TARGET_NAME)";
				TEST_HOST = "$(BUILT_PRODUCTS_DIR)/Elementary.app/Elementary";
			};
			name = Release;
		};
/* End XCBuildConfiguration section */

/* Begin XCConfigurationList section */
		F62424351AF518D100E96099 /* Build configuration list for PBXProject "Elementary" */ = {
			isa = XCConfigurationList;
			buildConfigurations = (
				F62424591AF518D200E96099 /* Debug */,
				F624245A1AF518D200E96099 /* Release */,
			);
			defaultConfigurationIsVisible = 0;
			defaultConfigurationName = Release;
		};
		F624245B1AF518D200E96099 /* Build configuration list for PBXNativeTarget "Elementary" */ = {
			isa = XCConfigurationList;
			buildConfigurations = (
				F624245C1AF518D200E96099 /* Debug */,
				F624245D1AF518D200E96099 /* Release */,
			);
			defaultConfigurationIsVisible = 0;
			defaultConfigurationName = Release;
		};
		F624245E1AF518D200E96099 /* Build configuration list for PBXNativeTarget "ElementaryTests" */ = {
			isa = XCConfigurationList;
			buildConfigurations = (
				F624245F1AF518D200E96099 /* Debug */,
				F62424601AF518D200E96099 /* Release */,
			);
			defaultConfigurationIsVisible = 0;
			defaultConfigurationName = Release;
		};
/* End XCConfigurationList section */
	};
	rootObject = F62424321AF518D100E96099 /* Project object */;
}
